
Microsoft Visual Studio Solution File, Format Version 12.00
# Visual Studio Version 17
VisualStudioVersion = 17.0.31903.59
MinimumVisualStudioVersion = 10.0.40219.1
Project("{2150E333-8FDC-42A3-9474-1A3956D46DE8}") = "src", "src", "{827E0CD3-B72D-47B6-A68D-7590B98EB39B}"
EndProject
Project("{2150E333-8FDC-42A3-9474-1A3956D46DE8}") = "Shared", "Shared", "{C8E42992-5E42-0C2B-DBFE-AA848D06431C}"
EndProject
Project("{FAE04EC0-301F-11D3-BF4B-00C04F79EFBC}") = "Shared.Contracts", "src\Shared\Shared.Contracts\Shared.Contracts.csproj", "{C0D1A6FB-3DAA-490F-ABC5-A3223482405D}"
EndProject
Project("{FAE04EC0-301F-11D3-BF4B-00C04F79EFBC}") = "Shared.Primitives", "src\Shared\Shared.Primitives\Shared.Primitives.csproj", "{0950C025-1750-490B-8A97-115FA450E093}"
EndProject
Project("{2150E333-8FDC-42A3-9474-1A3956D46DE8}") = "Order", "Order", "{8F24DB20-97A3-5C9A-FC1B-8CEA0608774B}"
EndProject
Project("{FAE04EC0-301F-11D3-BF4B-00C04F79EFBC}") = "Order.Domain", "src\Order\Order.Domain\Order.Domain.csproj", "{3CF06509-B40F-41E7-A248-B3B5B3DF01F9}"
EndProject
Project("{FAE04EC0-301F-11D3-BF4B-00C04F79EFBC}") = "Order.Application", "src\Order\Order.Application\Order.Application.csproj", "{F8136887-D76B-4BFF-A0CA-1456DD3A7AAE}"
EndProject
Project("{FAE04EC0-301F-11D3-BF4B-00C04F79EFBC}") = "Order.Infrastructure", "src\Order\Order.Infrastructure\Order.Infrastructure.csproj", "{25B5DB11-6144-414C-82A0-47230CA06CD3}"
EndProject
Project("{FAE04EC0-301F-11D3-BF4B-00C04F79EFBC}") = "Order.Api", "src\Order\Order.Api\Order.Api.csproj", "{821A0D76-FB7F-4BF2-82C8-421740222422}"
EndProject
Project("{FAE04EC0-301F-11D3-BF4B-00C04F79EFBC}") = "CustomTShirts.Events", "src\Shared\CustomTShirts.Events\CustomTShirts.Events.csproj", "{55A5B568-CCD3-4E6A-88F4-446557CA4497}"
EndProject
Project("{FAE04EC0-301F-11D3-BF4B-00C04F79EFBC}") = "CustomTShirts.Events.ServiceBus", "src\Shared\CustomTShirts.Events.ServiceBus\CustomTShirts.Events.ServiceBus.csproj", "{26CF9967-7875-40BA-9D16-2D5B50ED217F}"
EndProject
Global
	GlobalSection(SolutionConfigurationPlatforms) = preSolution
		Debug|Any CPU = Debug|Any CPU
		Debug|x64 = Debug|x64
		Debug|x86 = Debug|x86
		Release|Any CPU = Release|Any CPU
		Release|x64 = Release|x64
		Release|x86 = Release|x86
	EndGlobalSection
	GlobalSection(ProjectConfigurationPlatforms) = postSolution
		{C0D1A6FB-3DAA-490F-ABC5-A3223482405D}.Debug|Any CPU.ActiveCfg = Debug|Any CPU
		{C0D1A6FB-3DAA-490F-ABC5-A3223482405D}.Debug|Any CPU.Build.0 = Debug|Any CPU
		{C0D1A6FB-3DAA-490F-ABC5-A3223482405D}.Debug|x64.ActiveCfg = Debug|Any CPU
		{C0D1A6FB-3DAA-490F-ABC5-A3223482405D}.Debug|x64.Build.0 = Debug|Any CPU
		{C0D1A6FB-3DAA-490F-ABC5-A3223482405D}.Debug|x86.ActiveCfg = Debug|Any CPU
		{C0D1A6FB-3DAA-490F-ABC5-A3223482405D}.Debug|x86.Build.0 = Debug|Any CPU
		{C0D1A6FB-3DAA-490F-ABC5-A3223482405D}.Release|Any CPU.ActiveCfg = Release|Any CPU
		{C0D1A6FB-3DAA-490F-ABC5-A3223482405D}.Release|Any CPU.Build.0 = Release|Any CPU
		{C0D1A6FB-3DAA-490F-ABC5-A3223482405D}.Release|x64.ActiveCfg = Release|Any CPU
		{C0D1A6FB-3DAA-490F-ABC5-A3223482405D}.Release|x64.Build.0 = Release|Any CPU
		{C0D1A6FB-3DAA-490F-ABC5-A3223482405D}.Release|x86.ActiveCfg = Release|Any CPU
		{C0D1A6FB-3DAA-490F-ABC5-A3223482405D}.Release|x86.Build.0 = Release|Any CPU
		{0950C025-1750-490B-8A97-115FA450E093}.Debug|Any CPU.ActiveCfg = Debug|Any CPU
		{0950C025-1750-490B-8A97-115FA450E093}.Debug|Any CPU.Build.0 = Debug|Any CPU
		{0950C025-1750-490B-8A97-115FA450E093}.Debug|x64.ActiveCfg = Debug|Any CPU
		{0950C025-1750-490B-8A97-115FA450E093}.Debug|x64.Build.0 = Debug|Any CPU
		{0950C025-1750-490B-8A97-115FA450E093}.Debug|x86.ActiveCfg = Debug|Any CPU
		{0950C025-1750-490B-8A97-115FA450E093}.Debug|x86.Build.0 = Debug|Any CPU
		{0950C025-1750-490B-8A97-115FA450E093}.Release|Any CPU.ActiveCfg = Release|Any CPU
		{0950C025-1750-490B-8A97-115FA450E093}.Release|Any CPU.Build.0 = Release|Any CPU
		{0950C025-1750-490B-8A97-115FA450E093}.Release|x64.ActiveCfg = Release|Any CPU
		{0950C025-1750-490B-8A97-115FA450E093}.Release|x64.Build.0 = Release|Any CPU
		{0950C025-1750-490B-8A97-115FA450E093}.Release|x86.ActiveCfg = Release|Any CPU
		{0950C025-1750-490B-8A97-115FA450E093}.Release|x86.Build.0 = Release|Any CPU
		{3CF06509-B40F-41E7-A248-B3B5B3DF01F9}.Debug|Any CPU.ActiveCfg = Debug|Any CPU
		{3CF06509-B40F-41E7-A248-B3B5B3DF01F9}.Debug|Any CPU.Build.0 = Debug|Any CPU
		{3CF06509-B40F-41E7-A248-B3B5B3DF01F9}.Debug|x64.ActiveCfg = Debug|Any CPU
		{3CF06509-B40F-41E7-A248-B3B5B3DF01F9}.Debug|x64.Build.0 = Debug|Any CPU
		{3CF06509-B40F-41E7-A248-B3B5B3DF01F9}.Debug|x86.ActiveCfg = Debug|Any CPU
		{3CF06509-B40F-41E7-A248-B3B5B3DF01F9}.Debug|x86.Build.0 = Debug|Any CPU
		{3CF06509-B40F-41E7-A248-B3B5B3DF01F9}.Release|Any CPU.ActiveCfg = Release|Any CPU
		{3CF06509-B40F-41E7-A248-B3B5B3DF01F9}.Release|Any CPU.Build.0 = Release|Any CPU
		{3CF06509-B40F-41E7-A248-B3B5B3DF01F9}.Release|x64.ActiveCfg = Release|Any CPU
		{3CF06509-B40F-41E7-A248-B3B5B3DF01F9}.Release|x64.Build.0 = Release|Any CPU
		{3CF06509-B40F-41E7-A248-B3B5B3DF01F9}.Release|x86.ActiveCfg = Release|Any CPU
		{3CF06509-B40F-41E7-A248-B3B5B3DF01F9}.Release|x86.Build.0 = Release|Any CPU
		{F8136887-D76B-4BFF-A0CA-1456DD3A7AAE}.Debug|Any CPU.ActiveCfg = Debug|Any CPU
		{F8136887-D76B-4BFF-A0CA-1456DD3A7AAE}.Debug|Any CPU.Build.0 = Debug|Any CPU
		{F8136887-D76B-4BFF-A0CA-1456DD3A7AAE}.Debug|x64.ActiveCfg = Debug|Any CPU
		{F8136887-D76B-4BFF-A0CA-1456DD3A7AAE}.Debug|x64.Build.0 = Debug|Any CPU
		{F8136887-D76B-4BFF-A0CA-1456DD3A7AAE}.Debug|x86.ActiveCfg = Debug|Any CPU
		{F8136887-D76B-4BFF-A0CA-1456DD3A7AAE}.Debug|x86.Build.0 = Debug|Any CPU
		{F8136887-D76B-4BFF-A0CA-1456DD3A7AAE}.Release|Any CPU.ActiveCfg = Release|Any CPU
		{F8136887-D76B-4BFF-A0CA-1456DD3A7AAE}.Release|Any CPU.Build.0 = Release|Any CPU
		{F8136887-D76B-4BFF-A0CA-1456DD3A7AAE}.Release|x64.ActiveCfg = Release|Any CPU
		{F8136887-D76B-4BFF-A0CA-1456DD3A7AAE}.Release|x64.Build.0 = Release|Any CPU
		{F8136887-D76B-4BFF-A0CA-1456DD3A7AAE}.Release|x86.ActiveCfg = Release|Any CPU
		{F8136887-D76B-4BFF-A0CA-1456DD3A7AAE}.Release|x86.Build.0 = Release|Any CPU
		{25B5DB11-6144-414C-82A0-47230CA06CD3}.Debug|Any CPU.ActiveCfg = Debug|Any CPU
		{25B5DB11-6144-414C-82A0-47230CA06CD3}.Debug|Any CPU.Build.0 = Debug|Any CPU
		{25B5DB11-6144-414C-82A0-47230CA06CD3}.Debug|x64.ActiveCfg = Debug|Any CPU
		{25B5DB11-6144-414C-82A0-47230CA06CD3}.Debug|x64.Build.0 = Debug|Any CPU
		{25B5DB11-6144-414C-82A0-47230CA06CD3}.Debug|x86.ActiveCfg = Debug|Any CPU
		{25B5DB11-6144-414C-82A0-47230CA06CD3}.Debug|x86.Build.0 = Debug|Any CPU
		{25B5DB11-6144-414C-82A0-47230CA06CD3}.Release|Any CPU.ActiveCfg = Release|Any CPU
		{25B5DB11-6144-414C-82A0-47230CA06CD3}.Release|Any CPU.Build.0 = Release|Any CPU
		{25B5DB11-6144-414C-82A0-47230CA06CD3}.Release|x64.ActiveCfg = Release|Any CPU
		{25B5DB11-6144-414C-82A0-47230CA06CD3}.Release|x64.Build.0 = Release|Any CPU
		{25B5DB11-6144-414C-82A0-47230CA06CD3}.Release|x86.ActiveCfg = Release|Any CPU
		{25B5DB11-6144-414C-82A0-47230CA06CD3}.Release|x86.Build.0 = Release|Any CPU
		{821A0D76-FB7F-4BF2-82C8-421740222422}.Debug|Any CPU.ActiveCfg = Debug|Any CPU
		{821A0D76-FB7F-4BF2-82C8-421740222422}.Debug|Any CPU.Build.0 = Debug|Any CPU
		{821A0D76-FB7F-4BF2-82C8-421740222422}.Debug|x64.ActiveCfg = Debug|Any CPU
		{821A0D76-FB7F-4BF2-82C8-421740222422}.Debug|x64.Build.0 = Debug|Any CPU
		{821A0D76-FB7F-4BF2-82C8-421740222422}.Debug|x86.ActiveCfg = Debug|Any CPU
		{821A0D76-FB7F-4BF2-82C8-421740222422}.Debug|x86.Build.0 = Debug|Any CPU
		{821A0D76-FB7F-4BF2-82C8-421740222422}.Release|Any CPU.ActiveCfg = Release|Any CPU
		{821A0D76-FB7F-4BF2-82C8-421740222422}.Release|Any CPU.Build.0 = Release|Any CPU
		{821A0D76-FB7F-4BF2-82C8-421740222422}.Release|x64.ActiveCfg = Release|Any CPU
		{821A0D76-FB7F-4BF2-82C8-421740222422}.Release|x64.Build.0 = Release|Any CPU
		{821A0D76-FB7F-4BF2-82C8-421740222422}.Release|x86.ActiveCfg = Release|Any CPU
		{821A0D76-FB7F-4BF2-82C8-421740222422}.Release|x86.Build.0 = Release|Any CPU
		{55A5B568-CCD3-4E6A-88F4-446557CA4497}.Debug|Any CPU.ActiveCfg = Debug|Any CPU
		{55A5B568-CCD3-4E6A-88F4-446557CA4497}.Debug|Any CPU.Build.0 = Debug|Any CPU
		{55A5B568-CCD3-4E6A-88F4-446557CA4497}.Debug|x64.ActiveCfg = Debug|Any CPU
		{55A5B568-CCD3-4E6A-88F4-446557CA4497}.Debug|x64.Build.0 = Debug|Any CPU
		{55A5B568-CCD3-4E6A-88F4-446557CA4497}.Debug|x86.ActiveCfg = Debug|Any CPU
		{55A5B568-CCD3-4E6A-88F4-446557CA4497}.Debug|x86.Build.0 = Debug|Any CPU
		{55A5B568-CCD3-4E6A-88F4-446557CA4497}.Release|Any CPU.ActiveCfg = Release|Any CPU
		{55A5B568-CCD3-4E6A-88F4-446557CA4497}.Release|Any CPU.Build.0 = Release|Any CPU
		{55A5B568-CCD3-4E6A-88F4-446557CA4497}.Release|x64.ActiveCfg = Release|Any CPU
		{55A5B568-CCD3-4E6A-88F4-446557CA4497}.Release|x64.Build.0 = Release|Any CPU
		{55A5B568-CCD3-4E6A-88F4-446557CA4497}.Release|x86.ActiveCfg = Release|Any CPU
		{55A5B568-CCD3-4E6A-88F4-446557CA4497}.Release|x86.Build.0 = Release|Any CPU
		{26CF9967-7875-40BA-9D16-2D5B50ED217F}.Debug|Any CPU.ActiveCfg = Debug|Any CPU
		{26CF9967-7875-40BA-9D16-2D5B50ED217F}.Debug|Any CPU.Build.0 = Debug|Any CPU
		{26CF9967-7875-40BA-9D16-2D5B50ED217F}.Debug|x64.ActiveCfg = Debug|Any CPU
		{26CF9967-7875-40BA-9D16-2D5B50ED217F}.Debug|x64.Build.0 = Debug|Any CPU
		{26CF9967-7875-40BA-9D16-2D5B50ED217F}.Debug|x86.ActiveCfg = Debug|Any CPU
		{26CF9967-7875-40BA-9D16-2D5B50ED217F}.Debug|x86.Build.0 = Debug|Any CPU
		{26CF9967-7875-40BA-9D16-2D5B50ED217F}.Release|Any CPU.ActiveCfg = Release|Any CPU
		{26CF9967-7875-40BA-9D16-2D5B50ED217F}.Release|Any CPU.Build.0 = Release|Any CPU
		{26CF9967-7875-40BA-9D16-2D5B50ED217F}.Release|x64.ActiveCfg = Release|Any CPU
		{26CF9967-7875-40BA-9D16-2D5B50ED217F}.Release|x64.Build.0 = Release|Any CPU
		{26CF9967-7875-40BA-9D16-2D5B50ED217F}.Release|x86.ActiveCfg = Release|Any CPU
		{26CF9967-7875-40BA-9D16-2D5B50ED217F}.Release|x86.Build.0 = Release|Any CPU
	EndGlobalSection
	GlobalSection(SolutionProperties) = preSolution
		HideSolutionNode = FALSE
	EndGlobalSection
	GlobalSection(NestedProjects) = preSolution
		{C8E42992-5E42-0C2B-DBFE-AA848D06431C} = {827E0CD3-B72D-47B6-A68D-7590B98EB39B}
		{C0D1A6FB-3DAA-490F-ABC5-A3223482405D} = {C8E42992-5E42-0C2B-DBFE-AA848D06431C}
		{0950C025-1750-490B-8A97-115FA450E093} = {C8E42992-5E42-0C2B-DBFE-AA848D06431C}
		{8F24DB20-97A3-5C9A-FC1B-8CEA0608774B} = {827E0CD3-B72D-47B6-A68D-7590B98EB39B}
		{3CF06509-B40F-41E7-A248-B3B5B3DF01F9} = {8F24DB20-97A3-5C9A-FC1B-8CEA0608774B}
		{F8136887-D76B-4BFF-A0CA-1456DD3A7AAE} = {8F24DB20-97A3-5C9A-FC1B-8CEA0608774B}
		{25B5DB11-6144-414C-82A0-47230CA06CD3} = {8F24DB20-97A3-5C9A-FC1B-8CEA0608774B}
		{821A0D76-FB7F-4BF2-82C8-421740222422} = {8F24DB20-97A3-5C9A-FC1B-8CEA0608774B}
		{55A5B568-CCD3-4E6A-88F4-446557CA4497} = {C8E42992-5E42-0C2B-DBFE-AA848D06431C}
		{26CF9967-7875-40BA-9D16-2D5B50ED217F} = {C8E42992-5E42-0C2B-DBFE-AA848D06431C}
	EndGlobalSection
EndGlobal
